PODS:
  - extended_device_info (0.0.1):
    - Flutter
  - Flutter (1.0.0)

DEPENDENCIES:
  - extended_device_info (from `.symlinks/plugins/extended_device_info/ios`)
  - Flutter (from `Flutter`)

EXTERNAL SOURCES:
  extended_device_info:
    :path: ".symlinks/plugins/extended_device_info/ios"
  Flutter:
    :path: Flutter

SPEC CHECKSUMS:
  extended_device_info: a873db6101e4e9c119e096b27406377cebbeed6e
  Flutter: 0e3d915762c693b495b44d77113d4970485de6ec

PODFILE CHECKSUM: 1b66dae606f75376c5f2135a8290850eeb09ae83

COCOAPODS: 1.8.4
